
Microsoft Visual Studio Solution File, Format Version 12.00
# Visual Studio Version 17
VisualStudioVersion = 17.1.32210.238
MinimumVisualStudioVersion = 10.0.40219.1
Project("{9A19103F-16F7-4668-BE54-9A1E7A4F7556}") = "EmailSender.API", "src\EmailSender.API\EmailSender.API.csproj", "{E6316B96-7AA7-43C3-94E1-09CE349494ED}"
EndProject
Global
	GlobalSection(SolutionConfigurationPlatforms) = preSolution
		Debug|Any CPU = Debug|Any CPU
		Release|Any CPU = Release|Any CPU
	EndGlobalSection
	GlobalSection(ProjectConfigurationPlatforms) = postSolution
		{E6316B96-7AA7-43C3-94E1-09CE349494ED}.Debug|Any CPU.ActiveCfg = Debug|Any CPU
		{E6316B96-7AA7-43C3-94E1-09CE349494ED}.Debug|Any CPU.Build.0 = Debug|Any CPU
		{E6316B96-7AA7-43C3-94E1-09CE349494ED}.Release|Any CPU.ActiveCfg = Release|Any CPU
		{E6316B96-7AA7-43C3-94E1-09CE349494ED}.Release|Any CPU.Build.0 = Release|Any CPU
	EndGlobalSection
	GlobalSection(SolutionProperties) = preSolution
		HideSolutionNode = FALSE
	EndGlobalSection
	GlobalSection(ExtensibilityGlobals) = postSolution
		SolutionGuid = {A88A6EB3-D229-4D45-B4FE-667D55E7D0BC}
	EndGlobalSection
EndGlobal
